// !$*UTF8*$!
{
	archiveVersion = 1;
	classes = {
	};
	objectVersion = 46;
	objects = {

/* Begin PBXBuildFile section */
		F2536A371EED026D000DD6A4 /* main.m in Sources */ = {isa = PBXBuildFile; fileRef = F2536A361EED026D000DD6A4 /* main.m */; };
		F2536A3A1EED026D000DD6A4 /* AppDelegate.m in Sources */ = {isa = PBXBuildFile; fileRef = F2536A391EED026D000DD6A4 /* AppDelegate.m */; };
		F2536A3D1EED026D000DD6A4 /* ViewController.m in Sources */ = {isa = PBXBuildFile; fileRef = F2536A3C1EED026D000DD6A4 /* ViewController.m */; };
		F2536A401EED026D000DD6A4 /* Main.storyboard in Resources */ = {isa = PBXBuildFile; fileRef = F2536A3E1EED026D000DD6A4 /* Main.storyboard */; };
		F2536A421EED026E000DD6A4 /* Assets.xcassets in Resources */ = {isa = PBXBuildFile; fileRef = F2536A411EED026E000DD6A4 /* Assets.xcassets */; };
		F2536A451EED026E000DD6A4 /* LaunchScreen.storyboard in Resources */ = {isa = PBXBuildFile; fileRef = F2536A431EED026E000DD6A4 /* LaunchScreen.storyboard */; };
		F2536A551EED027C000DD6A4 /* XDropDowmMenuCell.m in Sources */ = {isa = PBXBuildFile; fileRef = F2536A4E1EED027C000DD6A4 /* XDropDowmMenuCell.m */; };
		F2536A561EED027C000DD6A4 /* XZDropDownContetCell.m in Sources */ = {isa = PBXBuildFile; fileRef = F2536A501EED027C000DD6A4 /* XZDropDownContetCell.m */; };
		F2536A571EED027C000DD6A4 /* XZDropDownMenu.m in Sources */ = {isa = PBXBuildFile; fileRef = F2536A521EED027C000DD6A4 /* XZDropDownMenu.m */; };
		F2536A581EED027C000DD6A4 /* XZDropDownModel.m in Sources */ = {isa = PBXBuildFile; fileRef = F2536A541EED027C000DD6A4 /* XZDropDownModel.m */; };
		F2536A751EED0401000DD6A4 /* Info.plist in Resources */ = {isa = PBXBuildFile; fileRef = F2536A5B1EED0401000DD6A4 /* Info.plist */; };
		F2536A761EED0401000DD6A4 /* MASCompositeConstraint.m in Sources */ = {isa = PBXBuildFile; fileRef = F2536A5D1EED0401000DD6A4 /* MASCompositeConstraint.m */; };
		F2536A771EED0401000DD6A4 /* MASConstraint.m in Sources */ = {isa = PBXBuildFile; fileRef = F2536A601EED0401000DD6A4 /* MASConstraint.m */; };
		F2536A781EED0401000DD6A4 /* MASConstraintMaker.m in Sources */ = {isa = PBXBuildFile; fileRef = F2536A621EED0401000DD6A4 /* MASConstraintMaker.m */; };
		F2536A791EED0401000DD6A4 /* MASLayoutConstraint.m in Sources */ = {isa = PBXBuildFile; fileRef = F2536A641EED0401000DD6A4 /* MASLayoutConstraint.m */; };
		F2536A7A1EED0401000DD6A4 /* MASViewAttribute.m in Sources */ = {isa = PBXBuildFile; fileRef = F2536A681EED0401000DD6A4 /* MASViewAttribute.m */; };
		F2536A7B1EED0401000DD6A4 /* MASViewConstraint.m in Sources */ = {isa = PBXBuildFile; fileRef = F2536A6A1EED0401000DD6A4 /* MASViewConstraint.m */; };
		F2536A7C1EED0401000DD6A4 /* NSArray+MASAdditions.m in Sources */ = {isa = PBXBuildFile; fileRef = F2536A6C1EED0401000DD6A4 /* NSArray+MASAdditions.m */; };
		F2536A7D1EED0401000DD6A4 /* NSLayoutConstraint+MASDebugAdditions.m in Sources */ = {isa = PBXBuildFile; fileRef = F2536A6F1EED0401000DD6A4 /* NSLayoutConstraint+MASDebugAdditions.m */; };
		F2536A7E1EED0401000DD6A4 /* View+MASAdditions.m in Sources */ = {isa = PBXBuildFile; fileRef = F2536A711EED0401000DD6A4 /* View+MASAdditions.m */; };
		F2536A7F1EED0401000DD6A4 /* ViewController+MASAdditions.m in Sources */ = {isa = PBXBuildFile; fileRef = F2536A741EED0401000DD6A4 /* ViewController+MASAdditions.m */; };
		F2536A821EED049E000DD6A4 /* ImgTextButton.m in Sources */ = {isa = PBXBuildFile; fileRef = F2536A811EED049E000DD6A4 /* ImgTextButton.m */; };
		F2536A851EED057F000DD6A4 /* UIView+XZExtension.m in Sources */ = {isa = PBXBuildFile; fileRef = F2536A841EED057F000DD6A4 /* UIView+XZExtension.m */; };
/* End PBXBuildFile section */

/* Begin PBXFileReference section */
		F2536A321EED026D000DD6A4 /* Demo.app */ = {isa = PBXFileReference; explicitFileType = wrapper.application; includeInIndex = 0; path = Demo.app; sourceTree = BUILT_PRODUCTS_DIR; };
		F2536A361EED026D000DD6A4 /* main.m */ = {isa = PBXFileReference; lastKnownFileType = sourcecode.c.objc; path = main.m; sourceTree = "<group>"; };
		F2536A381EED026D000DD6A4 /* AppDelegate.h */ = {isa = PBXFileReference; lastKnownFileType = sourcecode.c.h; path = AppDelegate.h; sourceTree = "<group>"; };
		F2536A391EED026D000DD6A4 /* AppDelegate.m */ = {isa = PBXFileReference; lastKnownFileType = sourcecode.c.objc; path = AppDelegate.m; sourceTree = "<group>"; };
		F2536A3B1EED026D000DD6A4 /* ViewController.h */ = {isa = PBXFileReference; lastKnownFileType = sourcecode.c.h; path = ViewController.h; sourceTree = "<group>"; };
		F2536A3C1EED026D000DD6A4 /* ViewController.m */ = {isa = PBXFileReference; lastKnownFileType = sourcecode.c.objc; path = ViewController.m; sourceTree = "<group>"; };
		F2536A3F1EED026D000DD6A4 /* Base */ = {isa = PBXFileReference; lastKnownFileType = file.storyboard; name = Base; path = Base.lproj/Main.storyboard; sourceTree = "<group>"; };
		F2536A411EED026E000DD6A4 /* Assets.xcassets */ = {isa = PBXFileReference; lastKnownFileType = folder.assetcatalog; path = Assets.xcassets; sourceTree = "<group>"; };
		F2536A441EED026E000DD6A4 /* Base */ = {isa = PBXFileReference; lastKnownFileType = file.storyboard; name = Base; path = Base.lproj/LaunchScreen.storyboard; sourceTree = "<group>"; };
		F2536A461EED026E000DD6A4 /* Info.plist */ = {isa = PBXFileReference; lastKnownFileType = text.plist.xml; path = Info.plist; sourceTree = "<group>"; };
		F2536A4D1EED027C000DD6A4 /* XDropDowmMenuCell.h */ = {isa = PBXFileReference; fileEncoding = 4; lastKnownFileType = sourcecode.c.h; path = XDropDowmMenuCell.h; sourceTree = "<group>"; };
		F2536A4E1EED027C000DD6A4 /* XDropDowmMenuCell.m */ = {isa = PBXFileReference; fileEncoding = 4; lastKnownFileType = sourcecode.c.objc; path = XDropDowmMenuCell.m; sourceTree = "<group>"; };
		F2536A4F1EED027C000DD6A4 /* XZDropDownContetCell.h */ = {isa = PBXFileReference; fileEncoding = 4; lastKnownFileType = sourcecode.c.h; path = XZDropDownContetCell.h; sourceTree = "<group>"; };
		F2536A501EED027C000DD6A4 /* XZDropDownContetCell.m */ = {isa = PBXFileReference; fileEncoding = 4; lastKnownFileType = sourcecode.c.objc; path = XZDropDownContetCell.m; sourceTree = "<group>"; };
		F2536A511EED027C000DD6A4 /* XZDropDownMenu.h */ = {isa = PBXFileReference; fileEncoding = 4; lastKnownFileType = sourcecode.c.h; path = XZDropDownMenu.h; sourceTree = "<group>"; };
		F2536A521EED027C000DD6A4 /* XZDropDownMenu.m */ = {isa = PBXFileReference; fileEncoding = 4; lastKnownFileType = sourcecode.c.objc; path = XZDropDownMenu.m; sourceTree = "<group>"; };
		F2536A531EED027C000DD6A4 /* XZDropDownModel.h */ = {isa = PBXFileReference; fileEncoding = 4; lastKnownFileType = sourcecode.c.h; path = XZDropDownModel.h; sourceTree = "<group>"; };
		F2536A541EED027C000DD6A4 /* XZDropDownModel.m */ = {isa = PBXFileReference; fileEncoding = 4; lastKnownFileType = sourcecode.c.objc; path = XZDropDownModel.m; sourceTree = "<group>"; };
		F2536A591EED02E3000DD6A4 /* WDConst.h */ = {isa = PBXFileReference; lastKnownFileType = sourcecode.c.h; path = WDConst.h; sourceTree = "<group>"; };
		F2536A5B1EED0401000DD6A4 /* Info.plist */ = {isa = PBXFileReference; fileEncoding = 4; lastKnownFileType = text.plist.xml; path = Info.plist; sourceTree = "<group>"; };
		F2536A5C1EED0401000DD6A4 /* MASCompositeConstraint.h */ = {isa = PBXFileReference; fileEncoding = 4; lastKnownFileType = sourcecode.c.h; path = MASCompositeConstraint.h; sourceTree = "<group>"; };
		F2536A5D1EED0401000DD6A4 /* MASCompositeConstraint.m */ = {isa = PBXFileReference; fileEncoding = 4; lastKnownFileType = sourcecode.c.objc; path = MASCompositeConstraint.m; sourceTree = "<group>"; };
		F2536A5E1EED0401000DD6A4 /* MASConstraint+Private.h */ = {isa = PBXFileReference; fileEncoding = 4; lastKnownFileType = sourcecode.c.h; path = "MASConstraint+Private.h"; sourceTree = "<group>"; };
		F2536A5F1EED0401000DD6A4 /* MASConstraint.h */ = {isa = PBXFileReference; fileEncoding = 4; lastKnownFileType = sourcecode.c.h; path = MASConstraint.h; sourceTree = "<group>"; };
		F2536A601EED0401000DD6A4 /* MASConstraint.m */ = {isa = PBXFileReference; fileEncoding = 4; lastKnownFileType = sourcecode.c.objc; path = MASConstraint.m; sourceTree = "<group>"; };
		F2536A611EED0401000DD6A4 /* MASConstraintMaker.h */ = {isa = PBXFileReference; fileEncoding = 4; lastKnownFileType = sourcecode.c.h; path = MASConstraintMaker.h; sourceTree = "<group>"; };
		F2536A621EED0401000DD6A4 /* MASConstraintMaker.m */ = {isa = PBXFileReference; fileEncoding = 4; lastKnownFileType = sourcecode.c.objc; path = MASConstraintMaker.m; sourceTree = "<group>"; };
		F2536A631EED0401000DD6A4 /* MASLayoutConstraint.h */ = {isa = PBXFileReference; fileEncoding = 4; lastKnownFileType = sourcecode.c.h; path = MASLayoutConstraint.h; sourceTree = "<group>"; };
		F2536A641EED0401000DD6A4 /* MASLayoutConstraint.m */ = {isa = PBXFileReference; fileEncoding = 4; lastKnownFileType = sourcecode.c.objc; path = MASLayoutConstraint.m; sourceTree = "<group>"; };
		F2536A651EED0401000DD6A4 /* Masonry.h */ = {isa = PBXFileReference; fileEncoding = 4; lastKnownFileType = sourcecode.c.h; path = Masonry.h; sourceTree = "<group>"; };
		F2536A661EED0401000DD6A4 /* MASUtilities.h */ = {isa = PBXFileReference; fileEncoding = 4; lastKnownFileType = sourcecode.c.h; path = MASUtilities.h; sourceTree = "<group>"; };
		F2536A671EED0401000DD6A4 /* MASViewAttribute.h */ = {isa = PBXFileReference; fileEncoding = 4; lastKnownFileType = sourcecode.c.h; path = MASViewAttribute.h; sourceTree = "<group>"; };
		F2536A681EED0401000DD6A4 /* MASViewAttribute.m */ = {isa = PBXFileReference; fileEncoding = 4; lastKnownFileType = sourcecode.c.objc; path = MASViewAttribute.m; sourceTree = "<group>"; };
		F2536A691EED0401000DD6A4 /* MASViewConstraint.h */ = {isa = PBXFileReference; fileEncoding = 4; lastKnownFileType = sourcecode.c.h; path = MASViewConstraint.h; sourceTree = "<group>"; };
		F2536A6A1EED0401000DD6A4 /* MASViewConstraint.m */ = {isa = PBXFileReference; fileEncoding = 4; lastKnownFileType = sourcecode.c.objc; path = MASViewConstraint.m; sourceTree = "<group>"; };
		F2536A6B1EED0401000DD6A4 /* NSArray+MASAdditions.h */ = {isa = PBXFileReference; fileEncoding = 4; lastKnownFileType = sourcecode.c.h; path = "NSArray+MASAdditions.h"; sourceTree = "<group>"; };
		F2536A6C1EED0401000DD6A4 /* NSArray+MASAdditions.m */ = {isa = PBXFileReference; fileEncoding = 4; lastKnownFileType = sourcecode.c.objc; path = "NSArray+MASAdditions.m"; sourceTree = "<group>"; };
		F2536A6D1EED0401000DD6A4 /* NSArray+MASShorthandAdditions.h */ = {isa = PBXFileReference; fileEncoding = 4; lastKnownFileType = sourcecode.c.h; path = "NSArray+MASShorthandAdditions.h"; sourceTree = "<group>"; };
		F2536A6E1EED0401000DD6A4 /* NSLayoutConstraint+MASDebugAdditions.h */ = {isa = PBXFileReference; fileEncoding = 4; lastKnownFileType = sourcecode.c.h; path = "NSLayoutConstraint+MASDebugAdditions.h"; sourceTree = "<group>"; };
		F2536A6F1EED0401000DD6A4 /* NSLayoutConstraint+MASDebugAdditions.m */ = {isa = PBXFileReference; fileEncoding = 4; lastKnownFileType = sourcecode.c.objc; path = "NSLayoutConstraint+MASDebugAdditions.m"; sourceTree = "<group>"; };
		F2536A701EED0401000DD6A4 /* View+MASAdditions.h */ = {isa = PBXFileReference; fileEncoding = 4; lastKnownFileType = sourcecode.c.h; path = "View+MASAdditions.h"; sourceTree = "<group>"; };
		F2536A711EED0401000DD6A4 /* View+MASAdditions.m */ = {isa = PBXFileReference; fileEncoding = 4; lastKnownFileType = sourcecode.c.objc; path = "View+MASAdditions.m"; sourceTree = "<group>"; };
		F2536A721EED0401000DD6A4 /* View+MASShorthandAdditions.h */ = {isa = PBXFileReference; fileEncoding = 4; lastKnownFileType = sourcecode.c.h; path = "View+MASShorthandAdditions.h"; sourceTree = "<group>"; };
		F2536A731EED0401000DD6A4 /* ViewController+MASAdditions.h */ = {isa = PBXFileReference; fileEncoding = 4; lastKnownFileType = sourcecode.c.h; path = "ViewController+MASAdditions.h"; sourceTree = "<group>"; };
		F2536A741EED0401000DD6A4 /* ViewController+MASAdditions.m */ = {isa = PBXFileReference; fileEncoding = 4; lastKnownFileType = sourcecode.c.objc; path = "ViewController+MASAdditions.m"; sourceTree = "<group>"; };
		F2536A801EED049E000DD6A4 /* ImgTextButton.h */ = {isa = PBXFileReference; fileEncoding = 4; lastKnownFileType = sourcecode.c.h; path = ImgTextButton.h; sourceTree = "<group>"; };
		F2536A811EED049E000DD6A4 /* ImgTextButton.m */ = {isa = PBXFileReference; fileEncoding = 4; lastKnownFileType = sourcecode.c.objc; path = ImgTextButton.m; sourceTree = "<group>"; };
		F2536A831EED057F000DD6A4 /* UIView+XZExtension.h */ = {isa = PBXFileReference; fileEncoding = 4; lastKnownFileType = sourcecode.c.h; path = "UIView+XZExtension.h"; sourceTree = "<group>"; };
		F2536A841EED057F000DD6A4 /* UIView+XZExtension.m */ = {isa = PBXFileReference; fileEncoding = 4; lastKnownFileType = sourcecode.c.objc; path = "UIView+XZExtension.m"; sourceTree = "<group>"; };
/* End PBXFileReference section */

/* Begin PBXFrameworksBuildPhase section */
		F2536A2F1EED026D000DD6A4 /* Frameworks */ = {
			isa = PBXFrameworksBuildPhase;
			buildActionMask = 2147483647;
			files = (
			);
			runOnlyForDeploymentPostprocessing = 0;
		};
/* End PBXFrameworksBuildPhase section */

/* Begin PBXGroup section */
		F2536A291EED026D000DD6A4 = {
			isa = PBXGroup;
			children = (
				F2536A341EED026D000DD6A4 /* Demo */,
				F2536A331EED026D000DD6A4 /* Products */,
			);
			sourceTree = "<group>";
		};
		F2536A331EED026D000DD6A4 /* Products */ = {
			isa = PBXGroup;
			children = (
				F2536A321EED026D000DD6A4 /* Demo.app */,
			);
			name = Products;
			sourceTree = "<group>";
		};
		F2536A341EED026D000DD6A4 /* Demo */ = {
			isa = PBXGroup;
			children = (
				F2536A4C1EED027C000DD6A4 /* XZDropDownMenu */,
				F2536A381EED026D000DD6A4 /* AppDelegate.h */,
				F2536A391EED026D000DD6A4 /* AppDelegate.m */,
				F2536A3B1EED026D000DD6A4 /* ViewController.h */,
				F2536A3C1EED026D000DD6A4 /* ViewController.m */,
				F2536A3E1EED026D000DD6A4 /* Main.storyboard */,
				F2536A411EED026E000DD6A4 /* Assets.xcassets */,
				F2536A431EED026E000DD6A4 /* LaunchScreen.storyboard */,
				F2536A461EED026E000DD6A4 /* Info.plist */,
				F2536A5A1EED0401000DD6A4 /* Masonry */,
				F2536A351EED026D000DD6A4 /* Supporting Files */,
			);
			path = Demo;
			sourceTree = "<group>";
		};
		F2536A351EED026D000DD6A4 /* Supporting Files */ = {
			isa = PBXGroup;
			children = (
				F2536A361EED026D000DD6A4 /* main.m */,
			);
			name = "Supporting Files";
			sourceTree = "<group>";
		};
		F2536A4C1EED027C000DD6A4 /* XZDropDownMenu */ = {
			isa = PBXGroup;
			children = (
				F2536A801EED049E000DD6A4 /* ImgTextButton.h */,
				F2536A811EED049E000DD6A4 /* ImgTextButton.m */,
				F2536A4D1EED027C000DD6A4 /* XDropDowmMenuCell.h */,
				F2536A4E1EED027C000DD6A4 /* XDropDowmMenuCell.m */,
				F2536A4F1EED027C000DD6A4 /* XZDropDownContetCell.h */,
				F2536A501EED027C000DD6A4 /* XZDropDownContetCell.m */,
				F2536A511EED027C000DD6A4 /* XZDropDownMenu.h */,
				F2536A521EED027C000DD6A4 /* XZDropDownMenu.m */,
				F2536A531EED027C000DD6A4 /* XZDropDownModel.h */,
				F2536A541EED027C000DD6A4 /* XZDropDownModel.m */,
				F2536A591EED02E3000DD6A4 /* WDConst.h */,
				F2536A831EED057F000DD6A4 /* UIView+XZExtension.h */,
				F2536A841EED057F000DD6A4 /* UIView+XZExtension.m */,
			);
			path = XZDropDownMenu;
			sourceTree = "<group>";
		};
		F2536A5A1EED0401000DD6A4 /* Masonry */ = {
			isa = PBXGroup;
			children = (
				F2536A5B1EED0401000DD6A4 /* Info.plist */,
				F2536A5C1EED0401000DD6A4 /* MASCompositeConstraint.h */,
				F2536A5D1EED0401000DD6A4 /* MASCompositeConstraint.m */,
				F2536A5E1EED0401000DD6A4 /* MASConstraint+Private.h */,
				F2536A5F1EED0401000DD6A4 /* MASConstraint.h */,
				F2536A601EED0401000DD6A4 /* MASConstraint.m */,
				F2536A611EED0401000DD6A4 /* MASConstraintMaker.h */,
				F2536A621EED0401000DD6A4 /* MASConstraintMaker.m */,
				F2536A631EED0401000DD6A4 /* MASLayoutConstraint.h */,
				F2536A641EED0401000DD6A4 /* MASLayoutConstraint.m */,
				F2536A651EED0401000DD6A4 /* Masonry.h */,
				F2536A661EED0401000DD6A4 /* MASUtilities.h */,
				F2536A671EED0401000DD6A4 /* MASViewAttribute.h */,
				F2536A681EED0401000DD6A4 /* MASViewAttribute.m */,
				F2536A691EED0401000DD6A4 /* MASViewConstraint.h */,
				F2536A6A1EED0401000DD6A4 /* MASViewConstraint.m */,
				F2536A6B1EED0401000DD6A4 /* NSArray+MASAdditions.h */,
				F2536A6C1EED0401000DD6A4 /* NSArray+MASAdditions.m */,
				F2536A6D1EED0401000DD6A4 /* NSArray+MASShorthandAdditions.h */,
				F2536A6E1EED0401000DD6A4 /* NSLayoutConstraint+MASDebugAdditions.h */,
				F2536A6F1EED0401000DD6A4 /* NSLayoutConstraint+MASDebugAdditions.m */,
				F2536A701EED0401000DD6A4 /* View+MASAdditions.h */,
				F2536A711EED0401000DD6A4 /* View+MASAdditions.m */,
				F2536A721EED0401000DD6A4 /* View+MASShorthandAdditions.h */,
				F2536A731EED0401000DD6A4 /* ViewController+MASAdditions.h */,
				F2536A741EED0401000DD6A4 /* ViewController+MASAdditions.m */,
			);
			path = Masonry;
			sourceTree = "<group>";
		};
/* End PBXGroup section */

/* Begin PBXNativeTarget section */
		F2536A311EED026D000DD6A4 /* Demo */ = {
			isa = PBXNativeTarget;
			buildConfigurationList = F2536A491EED026E000DD6A4 /* Build configuration list for PBXNativeTarget "Demo" */;
			buildPhases = (
				F2536A2E1EED026D000DD6A4 /* Sources */,
				F2536A2F1EED026D000DD6A4 /* Frameworks */,
				F2536A301EED026D000DD6A4 /* Resources */,
			);
			buildRules = (
			);
			dependencies = (
			);
			name = Demo;
			productName = Demo;
			productReference = F2536A321EED026D000DD6A4 /* Demo.app */;
			productType = "com.apple.product-type.application";
		};
/* End PBXNativeTarget section */

/* Begin PBXProject section */
		F2536A2A1EED026D000DD6A4 /* Project object */ = {
			isa = PBXProject;
			attributes = {
				LastUpgradeCheck = 0830;
				ORGANIZATIONNAME = kizy;
				TargetAttributes = {
					F2536A311EED026D000DD6A4 = {
						CreatedOnToolsVersion = 8.3.2;
						ProvisioningStyle = Automatic;
					};
				};
			};
			buildConfigurationList = F2536A2D1EED026D000DD6A4 /* Build configuration list for PBXProject "Demo" */;
			compatibilityVersion = "Xcode 3.2";
			developmentRegion = English;
			hasScannedForEncodings = 0;
			knownRegions = (
				en,
				Base,
			);
			mainGroup = F2536A291EED026D000DD6A4;
			productRefGroup = F2536A331EED026D000DD6A4 /* Products */;
			projectDirPath = "";
			projectRoot = "";
			targets = (
				F2536A311EED026D000DD6A4 /* Demo */,
			);
		};
/* End PBXProject section */

/* Begin PBXResourcesBuildPhase section */
		F2536A301EED026D000DD6A4 /* Resources */ = {
			isa = PBXResourcesBuildPhase;
			buildActionMask = 2147483647;
			files = (
				F2536A751EED0401000DD6A4 /* Info.plist in Resources */,
				F2536A451EED026E000DD6A4 /* LaunchScreen.storyboard in Resources */,
				F2536A421EED026E000DD6A4 /* Assets.xcassets in Resources */,
				F2536A401EED026D000DD6A4 /* Main.storyboard in Resources */,
			);
			runOnlyForDeploymentPostprocessing = 0;
		};
/* End PBXResourcesBuildPhase section */

/* Begin PBXSourcesBuildPhase section */
		F2536A2E1EED026D000DD6A4 /* Sources */ = {
			isa = PBXSourcesBuildPhase;
			buildActionMask = 2147483647;
			files = (
				F2536A7C1EED0401000DD6A4 /* NSArray+MASAdditions.m in Sources */,
				F2536A7B1EED0401000DD6A4 /* MASViewConstraint.m in Sources */,
				F2536A3D1EED026D000DD6A4 /* ViewController.m in Sources */,
				F2536A851EED057F000DD6A4 /* UIView+XZExtension.m in Sources */,
				F2536A781EED0401000DD6A4 /* MASConstraintMaker.m in Sources */,
				F2536A7E1EED0401000DD6A4 /* View+MASAdditions.m in Sources */,
				F2536A571EED027C000DD6A4 /* XZDropDownMenu.m in Sources */,
				F2536A771EED0401000DD6A4 /* MASConstraint.m in Sources */,
				F2536A581EED027C000DD6A4 /* XZDropDownModel.m in Sources */,
				F2536A7A1EED0401000DD6A4 /* MASViewAttribute.m in Sources */,
				F2536A7D1EED0401000DD6A4 /* NSLayoutConstraint+MASDebugAdditions.m in Sources */,
				F2536A3A1EED026D000DD6A4 /* AppDelegate.m in Sources */,
				F2536A761EED0401000DD6A4 /* MASCompositeConstraint.m in Sources */,
				F2536A791EED0401000DD6A4 /* MASLayoutConstraint.m in Sources */,
				F2536A371EED026D000DD6A4 /* main.m in Sources */,
				F2536A821EED049E000DD6A4 /* ImgTextButton.m in Sources */,
				F2536A551EED027C000DD6A4 /* XDropDowmMenuCell.m in Sources */,
				F2536A7F1EED0401000DD6A4 /* ViewController+MASAdditions.m in Sources */,
				F2536A561EED027C000DD6A4 /* XZDropDownContetCell.m in Sources */,
			);
			runOnlyForDeploymentPostprocessing = 0;
		};
/* End PBXSourcesBuildPhase section */

/* Begin PBXVariantGroup section */
		F2536A3E1EED026D000DD6A4 /* Main.storyboard */ = {
			isa = PBXVariantGroup;
			children = (
				F2536A3F1EED026D000DD6A4 /* Base */,
			);
			name = Main.storyboard;
			sourceTree = "<group>";
		};
		F2536A431EED026E000DD6A4 /* LaunchScreen.storyboard */ = {
			isa = PBXVariantGroup;
			children = (
				F2536A441EED026E000DD6A4 /* Base */,
			);
			name = LaunchScreen.storyboard;
			sourceTree = "<group>";
		};
/* End PBXVariantGroup section */

/* Begin XCBuildConfiguration section */
		F2536A471EED026E000DD6A4 /* Debug */ = {
			isa = XCBuildConfiguration;
			buildSettings = {
				ALWAYS_SEARCH_USER_PATHS = NO;
				CLANG_ANALYZER_NONNULL = YES;
				CLANG_ANALYZER_NUMBER_OBJECT_CONVERSION = YES_AGGRESSIVE;
				CLANG_CXX_LANGUAGE_STANDARD = "gnu++0x";
				CLANG_CXX_LIBRARY = "libc++";
				CLANG_ENABLE_MODULES = YES;
				CLANG_ENABLE_OBJC_ARC = YES;
				CLANG_WARN_BOOL_CONVERSION = YES;
				CLANG_WARN_CONSTANT_CONVERSION = YES;
				CLANG_WARN_DIRECT_OBJC_ISA_USAGE = YES_ERROR;
				CLANG_WARN_DOCUMENTATION_COMMENTS = YES;
				CLANG_WARN_EMPTY_BODY = YES;
				CLANG_WARN_ENUM_CONVERSION = YES;
				CLANG_WARN_INFINITE_RECURSION = YES;
				CLANG_WARN_INT_CONVERSION = YES;
				CLANG_WARN_OBJC_ROOT_CLASS = YES_ERROR;
				CLANG_WARN_SUSPICIOUS_MOVE = YES;
				CLANG_WARN_UNREACHABLE_CODE = YES;
				CLANG_WARN__DUPLICATE_METHOD_MATCH = YES;
				"CODE_SIGN_IDENTITY[sdk=iphoneos*]" = "iPhone Developer";
				COPY_PHASE_STRIP = NO;
				DEBUG_INFORMATION_FORMAT = dwarf;
				ENABLE_STRICT_OBJC_MSGSEND = YES;
				ENABLE_TESTABILITY = YES;
				GCC_C_LANGUAGE_STANDARD = gnu99;
				GCC_DYNAMIC_NO_PIC = NO;
				GCC_NO_COMMON_BLOCKS = YES;
				GCC_OPTIMIZATION_LEVEL = 0;
				GCC_PREPROCESSOR_DEFINITIONS = (
					"DEBUG=1",
					"$(inherited)",
				);
				GCC_WARN_64_TO_32_BIT_CONVERSION = YES;
				GCC_WARN_ABOUT_RETURN_TYPE = YES_ERROR;
				GCC_WARN_UNDECLARED_SELECTOR = YES;
				GCC_WARN_UNINITIALIZED_AUTOS = YES_AGGRESSIVE;
				GCC_WARN_UNUSED_FUNCTION = YES;
				GCC_WARN_UNUSED_VARIABLE = YES;
				IPHONEOS_DEPLOYMENT_TARGET = 10.3;
				MTL_ENABLE_DEBUG_INFO = YES;
				ONLY_ACTIVE_ARCH = YES;
				SDKROOT = iphoneos;
				TARGETED_DEVICE_FAMILY = "1,2";
			};
			name = Debug;
		};
		F2536A481EED026E000DD6A4 /* Release */ = {
			isa = XCBuildConfiguration;
			buildSettings = {
				ALWAYS_SEARCH_USER_PATHS = NO;
				CLANG_ANALYZER_NONNULL = YES;
				CLANG_ANALYZER_NUMBER_OBJECT_CONVERSION = YES_AGGRESSIVE;
				CLANG_CXX_LANGUAGE_STANDARD = "gnu++0x";
				CLANG_CXX_LIBRARY = "libc++";
				CLANG_ENABLE_MODULES = YES;
				CLANG_ENABLE_OBJC_ARC = YES;
				CLANG_WARN_BOOL_CONVERSION = YES;
				CLANG_WARN_CONSTANT_CONVERSION = YES;
				CLANG_WARN_DIRECT_OBJC_ISA_USAGE = YES_ERROR;
				CLANG_WARN_DOCUMENTATION_COMMENTS = YES;
				CLANG_WARN_EMPTY_BODY = YES;
				CLANG_WARN_ENUM_CONVERSION = YES;
				CLANG_WARN_INFINITE_RECURSION = YES;
				CLANG_WARN_INT_CONVERSION = YES;
				CLANG_WARN_OBJC_ROOT_CLASS = YES_ERROR;
				CLANG_WARN_SUSPICIOUS_MOVE = YES;
				CLANG_WARN_UNREACHABLE_CODE = YES;
				CLANG_WARN__DUPLICATE_METHOD_MATCH = YES;
				"CODE_SIGN_IDENTITY[sdk=iphoneos*]" = "iPhone Developer";
				COPY_PHASE_STRIP = NO;
				DEBUG_INFORMATION_FORMAT = "dwarf-with-dsym";
				ENABLE_NS_ASSERTIONS = NO;
				ENABLE_STRICT_OBJC_MSGSEND = YES;
				GCC_C_LANGUAGE_STANDARD = gnu99;
				GCC_NO_COMMON_BLOCKS = YES;
				GCC_WARN_64_TO_32_BIT_CONVERSION = YES;
				GCC_WARN_ABOUT_RETURN_TYPE = YES_ERROR;
				GCC_WARN_UNDECLARED_SELECTOR = YES;
				GCC_WARN_UNINITIALIZED_AUTOS = YES_AGGRESSIVE;
				GCC_WARN_UNUSED_FUNCTION = YES;
				GCC_WARN_UNUSED_VARIABLE = YES;
				IPHONEOS_DEPLOYMENT_TARGET = 10.3;
				MTL_ENABLE_DEBUG_INFO = NO;
				SDKROOT = iphoneos;
				TARGETED_DEVICE_FAMILY = "1,2";
				VALIDATE_PRODUCT = YES;
			};
			name = Release;
		};
		F2536A4A1EED026E000DD6A4 /* Debug */ = {
			isa = XCBuildConfiguration;
			buildSettings = {
				ASSETCATALOG_COMPILER_APPICON_NAME = AppIcon;
				INFOPLIST_FILE = Demo/Info.plist;
				LD_RUNPATH_SEARCH_PATHS = "$(inherited) @executable_path/Frameworks";
				PRODUCT_BUNDLE_IDENTIFIER = XZDropDownMenu.Demo;
				PRODUCT_NAME = "$(TARGET_NAME)";
			};
			name = Debug;
		};
		F2536A4B1EED026E000DD6A4 /* Release */ = {
			isa = XCBuildConfiguration;
			buildSettings = {
				ASSETCATALOG_COMPILER_APPICON_NAME = AppIcon;
				INFOPLIST_FILE = Demo/Info.plist;
				LD_RUNPATH_SEARCH_PATHS = "$(inherited) @executable_path/Frameworks";
				PRODUCT_BUNDLE_IDENTIFIER = XZDropDownMenu.Demo;
				PRODUCT_NAME = "$(TARGET_NAME)";
			};
			name = Release;
		};
/* End XCBuildConfiguration section */

/* Begin XCConfigurationList section */
		F2536A2D1EED026D000DD6A4 /* Build configuration list for PBXProject "Demo" */ = {
			isa = XCConfigurationList;
			buildConfigurations = (
				F2536A471EED026E000DD6A4 /* Debug */,
				F2536A481EED026E000DD6A4 /* Release */,
			);
			defaultConfigurationIsVisible = 0;
			defaultConfigurationName = Release;
		};
		F2536A491EED026E000DD6A4 /* Build configuration list for PBXNativeTarget "Demo" */ = {
			isa = XCConfigurationList;
			buildConfigurations = (
				F2536A4A1EED026E000DD6A4 /* Debug */,
				F2536A4B1EED026E000DD6A4 /* Release */,
			);
			defaultConfigurationIsVisible = 0;
		};
/* End XCConfigurationList section */
	};
	rootObject = F2536A2A1EED026D000DD6A4 /* Project object */;
}
